github.com/go-ini/ini v1.38.2 h1:6Hl/z3p3iFkA0dlDfzYxuFuUGD+kaweypF6btsR2/Q4=
github.com/go-ini/ini v1.38.2/go.mod h1:ByCAeIL28uOIIG0E3PJtZPDL8WnHpFKFOtgjp+3Ies8=
github.com/laher/uggo v0.0.0-20140418102112-0ad25fe11c5b h1:hiAgMroreX8L9Gm2SsTdv9ApADQPShh9D3Di9xpp2Kg=
github.com/laher/uggo v0.0.0-20140418102112-0ad25fe11c5b/go.mod h1:WytauZxw3kbZhQVPJN2INZlGCNCKWn3iy4VqJvNo2pI=
github.com/takemxn/gssh v0.0.0-20180905174839-ca6aa7779133 h1:5U8H7gHHEVDmUhwlzKc3Be7t23lZrrM9FbGgbXXyT6U=
github.com/takemxn/gssh v0.0.0-20180905174839-ca6aa7779133/go.mod h1:SxJ3UJ9Xit//aGF141Ev1CyfsQIZxC6vUTnjHdFsq/k=
github.com/takemxn/gssh v0.0.0-20180920084338-29647d0b1eb0 h1:1vq+uPjDwhf0/a5pK4RNkEPiR0IOYml3unuVqkmCHKI=
github.com/takemxn/gssh v0.0.0-20180920084338-29647d0b1eb0/go.mod h1:SxJ3UJ9Xit//aGF141Ev1CyfsQIZxC6vUTnjHdFsq/k=
golang.org/x/crypto v0.0.0-20180904163835-0709b304e793 h1:u+LnwYTOOW7Ukr/fppxEb1Nwz0AtPflrblfvUudpo+I=
golang.org/x/crypto v0.0.0-20180904163835-0709b304e793/go.mod h1:6SG95UA2DQfeDnfUPMdvaQW0Q7yPrPDi9nlGo2tz2b4=
golang.org/x/crypto v0.0.0-20180910181607-0e37d006457b h1:2b9XGzhjiYsYPnKXoEfL7klWZQIt8IfyRCz62gCqqlQ=
golang.org/x/crypto v0.0.0-20180910181607-0e37d006457b/go.mod h1:6SG95UA2DQfeDnfUPMdvaQW0Q7yPrPDi9nlGo2tz2b4=
golang.org/x/sys v0.0.0-20180905080454-ebe1bf3edb33 h1:I6FyU15t786LL7oL/hn43zqTuEGr4PN7F4XJ1p4E3Y8=
golang.org/x/sys v0.0.0-20180905080454-ebe1bf3edb33/go.mod h1:STP8DvDyc/dI5b8T5hshtkjS+E42TnysNCUPdjciGhY=
golang.org/x/sys v0.0.0-20180906133057-8cf3aee42992 h1:BH3eQWeGbwRU2+wxxuuPOdFBmaiBH81O8BugSjHeTFg=
golang.org/x/sys v0.0.0-20180906133057-8cf3aee42992/go.mod h1:STP8DvDyc/dI5b8T5hshtkjS+E42TnysNCUPdjciGhY=
golang.org/x/sys v0.0.0-20180919162611-1561086e645b h1:AnKkq1vWZRACfUpS3PTWIN1eRYErnwW+iPP47aL3+MM=
golang.org/x/sys v0.0.0-20180919162611-1561086e645b/go.mod h1:STP8DvDyc/dI5b8T5hshtkjS+E42TnysNCUPdjciGhY=
